
Microsoft Visual Studio Solution File, Format Version 12.00
Project("{2150E333-8FDC-42A3-9474-1A3956D46DE8}") = "src", "src", "{C2CB1742-C135-40F9-B64F-B4386FB99663}"
EndProject
Project("{2150E333-8FDC-42A3-9474-1A3956D46DE8}") = "Services", "Services", "{818F3B19-62D9-463E-8DDF-B839102EAED2}"
EndProject
Project("{2150E333-8FDC-42A3-9474-1A3956D46DE8}") = "Catalog", "Catalog", "{02B73CB5-25C8-478B-A5B3-A7E12EA3172E}"
EndProject
Project("{FAE04EC0-301F-11D3-BF4B-00C04F79EFBC}") = "Catalog.API", "src\Services\Catalog\Catalog.API\Catalog.API.csproj", "{8A2380D6-A9AF-4512-9708-88027ED23512}"
EndProject
Global
	GlobalSection(SolutionConfigurationPlatforms) = preSolution
		Debug|Any CPU = Debug|Any CPU
		Release|Any CPU = Release|Any CPU
	EndGlobalSection
	GlobalSection(NestedProjects) = preSolution
		{818F3B19-62D9-463E-8DDF-B839102EAED2} = {C2CB1742-C135-40F9-B64F-B4386FB99663}
		{02B73CB5-25C8-478B-A5B3-A7E12EA3172E} = {818F3B19-62D9-463E-8DDF-B839102EAED2}
		{8A2380D6-A9AF-4512-9708-88027ED23512} = {02B73CB5-25C8-478B-A5B3-A7E12EA3172E}
	EndGlobalSection
	GlobalSection(ProjectConfigurationPlatforms) = postSolution
		{8A2380D6-A9AF-4512-9708-88027ED23512}.Debug|Any CPU.ActiveCfg = Debug|Any CPU
		{8A2380D6-A9AF-4512-9708-88027ED23512}.Debug|Any CPU.Build.0 = Debug|Any CPU
		{8A2380D6-A9AF-4512-9708-88027ED23512}.Release|Any CPU.ActiveCfg = Release|Any CPU
		{8A2380D6-A9AF-4512-9708-88027ED23512}.Release|Any CPU.Build.0 = Release|Any CPU
	EndGlobalSection
EndGlobal
